
Microsoft Visual Studio Solution File, Format Version 12.00
# Visual Studio Version 17
VisualStudioVersion = 17.4.33213.308
MinimumVisualStudioVersion = 10.0.40219.1
Project("{FAE04EC0-301F-11D3-BF4B-00C04F79EFBC}") = "Calculator", "Calculator\Calculator.csproj", "{FAF387BC-CB20-4B41-9F1F-10C4A865347F}"
EndProject
Project("{FAE04EC0-301F-11D3-BF4B-00C04F79EFBC}") = "UnitsTests", "CalculatorUnitTests\UnitsTests.csproj", "{E88AABC6-7A2C-457B-9655-32321FB2C466}"
EndProject
Project("{FAE04EC0-301F-11D3-BF4B-00C04F79EFBC}") = "SeleniumTestsWithoutPOM", "SeleniumTestsWithoutPOM\SeleniumTestsWithoutPOM.csproj", "{E27C6E33-253A-4AB9-A1F1-0658C1D45EEC}"
EndProject
Project("{FAE04EC0-301F-11D3-BF4B-00C04F79EFBC}") = "Homework2", "Homework2\Homework2.csproj", "{52E66BB0-9C99-4E01-8CAF-7C03747C5E5E}"
EndProject
Project("{FAE04EC0-301F-11D3-BF4B-00C04F79EFBC}") = "SeleniumFramework", "SeleniumFramework\SeleniumFramework.csproj", "{7F5E5A75-6432-404E-ACA1-FB730CC7E572}"
EndProject
Project("{FAE04EC0-301F-11D3-BF4B-00C04F79EFBC}") = "SeleniumTests", "SeleniumTests\SeleniumTests.csproj", "{1BC78FC5-2B9C-4392-A184-066A01105478}"
EndProject
Global
	GlobalSection(SolutionConfigurationPlatforms) = preSolution
		Debug|Any CPU = Debug|Any CPU
		Release|Any CPU = Release|Any CPU
	EndGlobalSection
	GlobalSection(ProjectConfigurationPlatforms) = postSolution
		{FAF387BC-CB20-4B41-9F1F-10C4A865347F}.Debug|Any CPU.ActiveCfg = Debug|Any CPU
		{FAF387BC-CB20-4B41-9F1F-10C4A865347F}.Debug|Any CPU.Build.0 = Debug|Any CPU
		{FAF387BC-CB20-4B41-9F1F-10C4A865347F}.Release|Any CPU.ActiveCfg = Release|Any CPU
		{FAF387BC-CB20-4B41-9F1F-10C4A865347F}.Release|Any CPU.Build.0 = Release|Any CPU
		{E88AABC6-7A2C-457B-9655-32321FB2C466}.Debug|Any CPU.ActiveCfg = Debug|Any CPU
		{E88AABC6-7A2C-457B-9655-32321FB2C466}.Debug|Any CPU.Build.0 = Debug|Any CPU
		{E88AABC6-7A2C-457B-9655-32321FB2C466}.Release|Any CPU.ActiveCfg = Release|Any CPU
		{E88AABC6-7A2C-457B-9655-32321FB2C466}.Release|Any CPU.Build.0 = Release|Any CPU
		{E27C6E33-253A-4AB9-A1F1-0658C1D45EEC}.Debug|Any CPU.ActiveCfg = Debug|Any CPU
		{E27C6E33-253A-4AB9-A1F1-0658C1D45EEC}.Debug|Any CPU.Build.0 = Debug|Any CPU
		{E27C6E33-253A-4AB9-A1F1-0658C1D45EEC}.Release|Any CPU.ActiveCfg = Release|Any CPU
		{E27C6E33-253A-4AB9-A1F1-0658C1D45EEC}.Release|Any CPU.Build.0 = Release|Any CPU
		{52E66BB0-9C99-4E01-8CAF-7C03747C5E5E}.Debug|Any CPU.ActiveCfg = Debug|Any CPU
		{52E66BB0-9C99-4E01-8CAF-7C03747C5E5E}.Debug|Any CPU.Build.0 = Debug|Any CPU
		{52E66BB0-9C99-4E01-8CAF-7C03747C5E5E}.Release|Any CPU.ActiveCfg = Release|Any CPU
		{52E66BB0-9C99-4E01-8CAF-7C03747C5E5E}.Release|Any CPU.Build.0 = Release|Any CPU
		{7F5E5A75-6432-404E-ACA1-FB730CC7E572}.Debug|Any CPU.ActiveCfg = Debug|Any CPU
		{7F5E5A75-6432-404E-ACA1-FB730CC7E572}.Debug|Any CPU.Build.0 = Debug|Any CPU
		{7F5E5A75-6432-404E-ACA1-FB730CC7E572}.Release|Any CPU.ActiveCfg = Release|Any CPU
		{7F5E5A75-6432-404E-ACA1-FB730CC7E572}.Release|Any CPU.Build.0 = Release|Any CPU
		{1BC78FC5-2B9C-4392-A184-066A01105478}.Debug|Any CPU.ActiveCfg = Debug|Any CPU
		{1BC78FC5-2B9C-4392-A184-066A01105478}.Debug|Any CPU.Build.0 = Debug|Any CPU
		{1BC78FC5-2B9C-4392-A184-066A01105478}.Release|Any CPU.ActiveCfg = Release|Any CPU
		{1BC78FC5-2B9C-4392-A184-066A01105478}.Release|Any CPU.Build.0 = Release|Any CPU
	EndGlobalSection
	GlobalSection(SolutionProperties) = preSolution
		HideSolutionNode = FALSE
	EndGlobalSection
	GlobalSection(ExtensibilityGlobals) = postSolution
		SolutionGuid = {D317B304-E537-440B-9E38-2C22F7A06E38}
	EndGlobalSection
EndGlobal
