
Microsoft Visual Studio Solution File, Format Version 12.00
# Visual Studio Version 17
VisualStudioVersion = 17.4.33213.308
MinimumVisualStudioVersion = 10.0.40219.1
Project("{FAE04EC0-301F-11D3-BF4B-00C04F79EFBC}") = "Calculator", "Calculator\Calculator.csproj", "{FAF387BC-CB20-4B41-9F1F-10C4A865347F}"
EndProject
Project("{FAE04EC0-301F-11D3-BF4B-00C04F79EFBC}") = "CalculatorUnitTests", "CalculatorUnitTests\CalculatorUnitTests.csproj", "{E88AABC6-7A2C-457B-9655-32321FB2C466}"
EndProject
Project("{FAE04EC0-301F-11D3-BF4B-00C04F79EFBC}") = "SeleniumFrameworkProject", "SeleniumFrameworkProject\SeleniumFrameworkProject.csproj", "{E4DCC0C2-C1BC-4D0A-85E2-EEAF7C490AF9}"
EndProject
Project("{FAE04EC0-301F-11D3-BF4B-00C04F79EFBC}") = "SeleniumTestsProject", "SeleniumTestsProject\SeleniumTestsProject.csproj", "{F601828E-CEC3-4199-BEEE-1040259043FA}"
EndProject
Global
	GlobalSection(SolutionConfigurationPlatforms) = preSolution
		Debug|Any CPU = Debug|Any CPU
		Release|Any CPU = Release|Any CPU
	EndGlobalSection
	GlobalSection(ProjectConfigurationPlatforms) = postSolution
		{FAF387BC-CB20-4B41-9F1F-10C4A865347F}.Debug|Any CPU.ActiveCfg = Debug|Any CPU
		{FAF387BC-CB20-4B41-9F1F-10C4A865347F}.Debug|Any CPU.Build.0 = Debug|Any CPU
		{FAF387BC-CB20-4B41-9F1F-10C4A865347F}.Release|Any CPU.ActiveCfg = Release|Any CPU
		{FAF387BC-CB20-4B41-9F1F-10C4A865347F}.Release|Any CPU.Build.0 = Release|Any CPU
		{E88AABC6-7A2C-457B-9655-32321FB2C466}.Debug|Any CPU.ActiveCfg = Debug|Any CPU
		{E88AABC6-7A2C-457B-9655-32321FB2C466}.Debug|Any CPU.Build.0 = Debug|Any CPU
		{E88AABC6-7A2C-457B-9655-32321FB2C466}.Release|Any CPU.ActiveCfg = Release|Any CPU
		{E88AABC6-7A2C-457B-9655-32321FB2C466}.Release|Any CPU.Build.0 = Release|Any CPU
		{E4DCC0C2-C1BC-4D0A-85E2-EEAF7C490AF9}.Debug|Any CPU.ActiveCfg = Debug|Any CPU
		{E4DCC0C2-C1BC-4D0A-85E2-EEAF7C490AF9}.Debug|Any CPU.Build.0 = Debug|Any CPU
		{E4DCC0C2-C1BC-4D0A-85E2-EEAF7C490AF9}.Release|Any CPU.ActiveCfg = Release|Any CPU
		{E4DCC0C2-C1BC-4D0A-85E2-EEAF7C490AF9}.Release|Any CPU.Build.0 = Release|Any CPU
		{F601828E-CEC3-4199-BEEE-1040259043FA}.Debug|Any CPU.ActiveCfg = Debug|Any CPU
		{F601828E-CEC3-4199-BEEE-1040259043FA}.Debug|Any CPU.Build.0 = Debug|Any CPU
		{F601828E-CEC3-4199-BEEE-1040259043FA}.Release|Any CPU.ActiveCfg = Release|Any CPU
		{F601828E-CEC3-4199-BEEE-1040259043FA}.Release|Any CPU.Build.0 = Release|Any CPU
	EndGlobalSection
	GlobalSection(SolutionProperties) = preSolution
		HideSolutionNode = FALSE
	EndGlobalSection
	GlobalSection(ExtensibilityGlobals) = postSolution
		SolutionGuid = {D317B304-E537-440B-9E38-2C22F7A06E38}
	EndGlobalSection
EndGlobal
